
Microsoft Visual Studio Solution File, Format Version 12.00
# Visual Studio Version 17
VisualStudioVersion = 17.8.34525.116
MinimumVisualStudioVersion = 10.0.40219.1
Project("{9A19103F-16F7-4668-BE54-9A1E7A4F7556}") = "BetterWasteTank", "Source\BetterWasteTank\BetterWasteTank.csproj", "{193C5542-8666-4915-9DD7-952934283F13}"
EndProject
Project("{9A19103F-16F7-4668-BE54-9A1E7A4F7556}") = "DetailedPlayerInfo", "Source\DetailedPlayerInfo\DetailedPlayerInfo.csproj", "{B7C8CEF1-44A6-41BF-9B06-566B1F674C02}"
EndProject
Project("{9A19103F-16F7-4668-BE54-9A1E7A4F7556}") = "ExternalSuitReader", "Source\ExternalSuitReader\ExternalSuitReader.csproj", "{FDD20503-5164-4EED-ACAD-BAD4A5E84B7C}"
EndProject
Project("{2150E333-8FDC-42A3-9474-1A3956D46DE8}") = "Extras", "Extras", "{0F4A422B-D90D-4DA4-B643-616C7FFFEE05}"
	ProjectSection(SolutionItems) = preProject
		.gitattributes = .gitattributes
		.gitignore = .gitignore
		.gitmodules = .gitmodules
		Source\GlobalSuppressions.cs = Source\GlobalSuppressions.cs
		LICENSE = LICENSE
		README.md = README.md
	EndProjectSection
EndProject
Project("{9A19103F-16F7-4668-BE54-9A1E7A4F7556}") = "SolarSystem", "Source\SolarSystem\SolarSystem.csproj", "{2957708D-26DE-47F4-A463-8573BD0D0C74}"
EndProject
Project("{9A19103F-16F7-4668-BE54-9A1E7A4F7556}") = "SEGI", "Source\SEGIMod\SEGI.csproj", "{B839CA26-9ED5-4DF0-8A19-00954FB334BA}"
EndProject
Project("{9A19103F-16F7-4668-BE54-9A1E7A4F7556}") = "BetterPowerMod", "Source\BetterPowerMod\BetterPowerMod.csproj", "{63DB2F36-F2CB-4102-AA0D-03D85476657B}"
EndProject
Project("{9A19103F-16F7-4668-BE54-9A1E7A4F7556}") = "StationpediaCalculator", "Source\StationpediaCalculator\StationpediaCalculator.csproj", "{5E37C7D4-C0F5-44DC-940E-5706D2EFC878}"
EndProject
Global
	GlobalSection(SolutionConfigurationPlatforms) = preSolution
		Debug|Any CPU = Debug|Any CPU
		Debug|x64 = Debug|x64
		Debug|x86 = Debug|x86
		Release|Any CPU = Release|Any CPU
		Release|x64 = Release|x64
		Release|x86 = Release|x86
	EndGlobalSection
	GlobalSection(ProjectConfigurationPlatforms) = postSolution
		{193C5542-8666-4915-9DD7-952934283F13}.Debug|Any CPU.ActiveCfg = Debug|x64
		{193C5542-8666-4915-9DD7-952934283F13}.Debug|Any CPU.Build.0 = Debug|x64
		{193C5542-8666-4915-9DD7-952934283F13}.Debug|x64.ActiveCfg = Debug|x64
		{193C5542-8666-4915-9DD7-952934283F13}.Debug|x64.Build.0 = Debug|x64
		{193C5542-8666-4915-9DD7-952934283F13}.Debug|x86.ActiveCfg = Debug|x86
		{193C5542-8666-4915-9DD7-952934283F13}.Debug|x86.Build.0 = Debug|x86
		{193C5542-8666-4915-9DD7-952934283F13}.Release|Any CPU.ActiveCfg = Release|x64
		{193C5542-8666-4915-9DD7-952934283F13}.Release|Any CPU.Build.0 = Release|x64
		{193C5542-8666-4915-9DD7-952934283F13}.Release|x64.ActiveCfg = Release|x64
		{193C5542-8666-4915-9DD7-952934283F13}.Release|x64.Build.0 = Release|x64
		{193C5542-8666-4915-9DD7-952934283F13}.Release|x86.ActiveCfg = Release|x86
		{193C5542-8666-4915-9DD7-952934283F13}.Release|x86.Build.0 = Release|x86
		{B7C8CEF1-44A6-41BF-9B06-566B1F674C02}.Debug|Any CPU.ActiveCfg = Debug|x64
		{B7C8CEF1-44A6-41BF-9B06-566B1F674C02}.Debug|Any CPU.Build.0 = Debug|x64
		{B7C8CEF1-44A6-41BF-9B06-566B1F674C02}.Debug|x64.ActiveCfg = Debug|x64
		{B7C8CEF1-44A6-41BF-9B06-566B1F674C02}.Debug|x64.Build.0 = Debug|x64
		{B7C8CEF1-44A6-41BF-9B06-566B1F674C02}.Debug|x86.ActiveCfg = Debug|x86
		{B7C8CEF1-44A6-41BF-9B06-566B1F674C02}.Debug|x86.Build.0 = Debug|x86
		{B7C8CEF1-44A6-41BF-9B06-566B1F674C02}.Release|Any CPU.ActiveCfg = Release|x64
		{B7C8CEF1-44A6-41BF-9B06-566B1F674C02}.Release|Any CPU.Build.0 = Release|x64
		{B7C8CEF1-44A6-41BF-9B06-566B1F674C02}.Release|x64.ActiveCfg = Release|x64
		{B7C8CEF1-44A6-41BF-9B06-566B1F674C02}.Release|x64.Build.0 = Release|x64
		{B7C8CEF1-44A6-41BF-9B06-566B1F674C02}.Release|x86.ActiveCfg = Release|x86
		{B7C8CEF1-44A6-41BF-9B06-566B1F674C02}.Release|x86.Build.0 = Release|x86
		{FDD20503-5164-4EED-ACAD-BAD4A5E84B7C}.Debug|Any CPU.ActiveCfg = Debug|x64
		{FDD20503-5164-4EED-ACAD-BAD4A5E84B7C}.Debug|Any CPU.Build.0 = Debug|x64
		{FDD20503-5164-4EED-ACAD-BAD4A5E84B7C}.Debug|x64.ActiveCfg = Debug|x64
		{FDD20503-5164-4EED-ACAD-BAD4A5E84B7C}.Debug|x64.Build.0 = Debug|x64
		{FDD20503-5164-4EED-ACAD-BAD4A5E84B7C}.Debug|x86.ActiveCfg = Debug|x86
		{FDD20503-5164-4EED-ACAD-BAD4A5E84B7C}.Debug|x86.Build.0 = Debug|x86
		{FDD20503-5164-4EED-ACAD-BAD4A5E84B7C}.Release|Any CPU.ActiveCfg = Release|x64
		{FDD20503-5164-4EED-ACAD-BAD4A5E84B7C}.Release|Any CPU.Build.0 = Release|x64
		{FDD20503-5164-4EED-ACAD-BAD4A5E84B7C}.Release|x64.ActiveCfg = Release|x64
		{FDD20503-5164-4EED-ACAD-BAD4A5E84B7C}.Release|x64.Build.0 = Release|x64
		{FDD20503-5164-4EED-ACAD-BAD4A5E84B7C}.Release|x86.ActiveCfg = Release|x86
		{FDD20503-5164-4EED-ACAD-BAD4A5E84B7C}.Release|x86.Build.0 = Release|x86
		{2957708D-26DE-47F4-A463-8573BD0D0C74}.Debug|Any CPU.ActiveCfg = Debug|x64
		{2957708D-26DE-47F4-A463-8573BD0D0C74}.Debug|Any CPU.Build.0 = Debug|x64
		{2957708D-26DE-47F4-A463-8573BD0D0C74}.Debug|x64.ActiveCfg = Debug|x64
		{2957708D-26DE-47F4-A463-8573BD0D0C74}.Debug|x64.Build.0 = Debug|x64
		{2957708D-26DE-47F4-A463-8573BD0D0C74}.Debug|x86.ActiveCfg = Debug|x86
		{2957708D-26DE-47F4-A463-8573BD0D0C74}.Debug|x86.Build.0 = Debug|x86
		{2957708D-26DE-47F4-A463-8573BD0D0C74}.Release|Any CPU.ActiveCfg = Release|x64
		{2957708D-26DE-47F4-A463-8573BD0D0C74}.Release|Any CPU.Build.0 = Release|x64
		{2957708D-26DE-47F4-A463-8573BD0D0C74}.Release|x64.ActiveCfg = Release|x64
		{2957708D-26DE-47F4-A463-8573BD0D0C74}.Release|x64.Build.0 = Release|x64
		{2957708D-26DE-47F4-A463-8573BD0D0C74}.Release|x86.ActiveCfg = Release|x86
		{2957708D-26DE-47F4-A463-8573BD0D0C74}.Release|x86.Build.0 = Release|x86
		{B839CA26-9ED5-4DF0-8A19-00954FB334BA}.Debug|Any CPU.ActiveCfg = Debug|x64
		{B839CA26-9ED5-4DF0-8A19-00954FB334BA}.Debug|Any CPU.Build.0 = Debug|x64
		{B839CA26-9ED5-4DF0-8A19-00954FB334BA}.Debug|x64.ActiveCfg = Debug|x64
		{B839CA26-9ED5-4DF0-8A19-00954FB334BA}.Debug|x64.Build.0 = Debug|x64
		{B839CA26-9ED5-4DF0-8A19-00954FB334BA}.Debug|x86.ActiveCfg = Debug|x86
		{B839CA26-9ED5-4DF0-8A19-00954FB334BA}.Debug|x86.Build.0 = Debug|x86
		{B839CA26-9ED5-4DF0-8A19-00954FB334BA}.Release|Any CPU.ActiveCfg = Release|x64
		{B839CA26-9ED5-4DF0-8A19-00954FB334BA}.Release|Any CPU.Build.0 = Release|x64
		{B839CA26-9ED5-4DF0-8A19-00954FB334BA}.Release|x64.ActiveCfg = Release|x64
		{B839CA26-9ED5-4DF0-8A19-00954FB334BA}.Release|x64.Build.0 = Release|x64
		{B839CA26-9ED5-4DF0-8A19-00954FB334BA}.Release|x86.ActiveCfg = Release|x86
		{B839CA26-9ED5-4DF0-8A19-00954FB334BA}.Release|x86.Build.0 = Release|x86
		{63DB2F36-F2CB-4102-AA0D-03D85476657B}.Debug|Any CPU.ActiveCfg = Debug|x64
		{63DB2F36-F2CB-4102-AA0D-03D85476657B}.Debug|Any CPU.Build.0 = Debug|x64
		{63DB2F36-F2CB-4102-AA0D-03D85476657B}.Debug|x64.ActiveCfg = Debug|x64
		{63DB2F36-F2CB-4102-AA0D-03D85476657B}.Debug|x64.Build.0 = Debug|x64
		{63DB2F36-F2CB-4102-AA0D-03D85476657B}.Debug|x86.ActiveCfg = Debug|x86
		{63DB2F36-F2CB-4102-AA0D-03D85476657B}.Debug|x86.Build.0 = Debug|x86
		{63DB2F36-F2CB-4102-AA0D-03D85476657B}.Release|Any CPU.ActiveCfg = Release|x64
		{63DB2F36-F2CB-4102-AA0D-03D85476657B}.Release|Any CPU.Build.0 = Release|x64
		{63DB2F36-F2CB-4102-AA0D-03D85476657B}.Release|x64.ActiveCfg = Release|x64
		{63DB2F36-F2CB-4102-AA0D-03D85476657B}.Release|x64.Build.0 = Release|x64
		{63DB2F36-F2CB-4102-AA0D-03D85476657B}.Release|x86.ActiveCfg = Release|x86
		{63DB2F36-F2CB-4102-AA0D-03D85476657B}.Release|x86.Build.0 = Release|x86
		{5E37C7D4-C0F5-44DC-940E-5706D2EFC878}.Debug|Any CPU.ActiveCfg = Debug|x64
		{5E37C7D4-C0F5-44DC-940E-5706D2EFC878}.Debug|Any CPU.Build.0 = Debug|x64
		{5E37C7D4-C0F5-44DC-940E-5706D2EFC878}.Debug|x64.ActiveCfg = Debug|x64
		{5E37C7D4-C0F5-44DC-940E-5706D2EFC878}.Debug|x64.Build.0 = Debug|x64
		{5E37C7D4-C0F5-44DC-940E-5706D2EFC878}.Debug|x86.ActiveCfg = Debug|x86
		{5E37C7D4-C0F5-44DC-940E-5706D2EFC878}.Debug|x86.Build.0 = Debug|x86
		{5E37C7D4-C0F5-44DC-940E-5706D2EFC878}.Release|Any CPU.ActiveCfg = Release|x64
		{5E37C7D4-C0F5-44DC-940E-5706D2EFC878}.Release|Any CPU.Build.0 = Release|x64
		{5E37C7D4-C0F5-44DC-940E-5706D2EFC878}.Release|x64.ActiveCfg = Release|x64
		{5E37C7D4-C0F5-44DC-940E-5706D2EFC878}.Release|x64.Build.0 = Release|x64
		{5E37C7D4-C0F5-44DC-940E-5706D2EFC878}.Release|x86.ActiveCfg = Release|x86
		{5E37C7D4-C0F5-44DC-940E-5706D2EFC878}.Release|x86.Build.0 = Release|x86
	EndGlobalSection
	GlobalSection(SolutionProperties) = preSolution
		HideSolutionNode = FALSE
	EndGlobalSection
	GlobalSection(ExtensibilityGlobals) = postSolution
		SolutionGuid = {40BF085B-8E5B-4402-A4A9-84F4C85863BE}
	EndGlobalSection
EndGlobal
